
Microsoft Visual Studio Solution File, Format Version 12.00
# Visual Studio Version 17
VisualStudioVersion = 17.2.32616.157
MinimumVisualStudioVersion = 10.0.40219.1
Project("{9A19103F-16F7-4668-BE54-9A1E7A4F7556}") = "ООО «Товары для животных»", "ООО «Товары для животных»\ООО «Товары для животных».csproj", "{F155724F-9CB7-4560-86B8-82EC9D62CB65}"
EndProject
Global
	GlobalSection(SolutionConfigurationPlatforms) = preSolution
		Debug|Any CPU = Debug|Any CPU
		Release|Any CPU = Release|Any CPU
	EndGlobalSection
	GlobalSection(ProjectConfigurationPlatforms) = postSolution
		{F155724F-9CB7-4560-86B8-82EC9D62CB65}.Debug|Any CPU.ActiveCfg = Debug|Any CPU
		{F155724F-9CB7-4560-86B8-82EC9D62CB65}.Debug|Any CPU.Build.0 = Debug|Any CPU
		{F155724F-9CB7-4560-86B8-82EC9D62CB65}.Release|Any CPU.ActiveCfg = Release|Any CPU
		{F155724F-9CB7-4560-86B8-82EC9D62CB65}.Release|Any CPU.Build.0 = Release|Any CPU
		{14C1BFDF-C6D3-4768-A278-1A4D72317269}.Debug|Any CPU.ActiveCfg = Debug|Any CPU
		{14C1BFDF-C6D3-4768-A278-1A4D72317269}.Debug|Any CPU.Build.0 = Debug|Any CPU
		{14C1BFDF-C6D3-4768-A278-1A4D72317269}.Release|Any CPU.ActiveCfg = Release|Any CPU
		{14C1BFDF-C6D3-4768-A278-1A4D72317269}.Release|Any CPU.Build.0 = Release|Any CPU
	EndGlobalSection
	GlobalSection(SolutionProperties) = preSolution
		HideSolutionNode = FALSE
	EndGlobalSection
	GlobalSection(ExtensibilityGlobals) = postSolution
		SolutionGuid = {417D01F6-0B7F-4646-A36A-8AB89A408CCC}
	EndGlobalSection
EndGlobal
